
Microsoft Visual Studio Solution File, Format Version 12.00
# Visual Studio Version 16
VisualStudioVersion = 16.0.33130.400
MinimumVisualStudioVersion = 10.0.40219.1
Project("{9A19103F-16F7-4668-BE54-9A1E7A4F7556}") = "TCPServer", "TCPServer\TCPServer.csproj", "{032C2EBF-8D99-49E2-BC95-1CE6E3D3AABE}"
	ProjectSection(ProjectDependencies) = postProject
		{E27684BD-7D6D-40CD-A448-F50F329FB9D9} = {E27684BD-7D6D-40CD-A448-F50F329FB9D9}
	EndProjectSection
EndProject
Project("{9A19103F-16F7-4668-BE54-9A1E7A4F7556}") = "ServerCoreTCP", "ServerCoreTCP\ServerCoreTCP.csproj", "{E27684BD-7D6D-40CD-A448-F50F329FB9D9}"
EndProject
Project("{9A19103F-16F7-4668-BE54-9A1E7A4F7556}") = "TestClient", "TestClient\TestClient.csproj", "{83199375-CADD-4457-9BFD-19BF92136BAE}"
EndProject
Project("{9A19103F-16F7-4668-BE54-9A1E7A4F7556}") = "PacketFactory", "PacketFactory\PacketFactory.csproj", "{0305B7EF-3704-4E6C-83FD-98DDA1519EF6}"
EndProject
Project("{2150E333-8FDC-42A3-9474-1A3956D46DE8}") = "PacketFactories", "PacketFactories", "{C80F3B50-E626-4C3A-BB24-73521EB6113B}"
EndProject
Project("{FAE04EC0-301F-11D3-BF4B-00C04F79EFBC}") = "MessageWrapperFactory", "MessageWrapperFactory\MessageWrapperFactory.csproj", "{661F6258-74E0-436F-BC7D-8F2791C28311}"
EndProject
Global
	GlobalSection(SolutionConfigurationPlatforms) = preSolution
		Debug|Any CPU = Debug|Any CPU
		Release|Any CPU = Release|Any CPU
	EndGlobalSection
	GlobalSection(ProjectConfigurationPlatforms) = postSolution
		{032C2EBF-8D99-49E2-BC95-1CE6E3D3AABE}.Debug|Any CPU.ActiveCfg = Debug|Any CPU
		{032C2EBF-8D99-49E2-BC95-1CE6E3D3AABE}.Debug|Any CPU.Build.0 = Debug|Any CPU
		{032C2EBF-8D99-49E2-BC95-1CE6E3D3AABE}.Release|Any CPU.ActiveCfg = Release|Any CPU
		{032C2EBF-8D99-49E2-BC95-1CE6E3D3AABE}.Release|Any CPU.Build.0 = Release|Any CPU
		{E27684BD-7D6D-40CD-A448-F50F329FB9D9}.Debug|Any CPU.ActiveCfg = Debug|Any CPU
		{E27684BD-7D6D-40CD-A448-F50F329FB9D9}.Debug|Any CPU.Build.0 = Debug|Any CPU
		{E27684BD-7D6D-40CD-A448-F50F329FB9D9}.Release|Any CPU.ActiveCfg = Release|Any CPU
		{E27684BD-7D6D-40CD-A448-F50F329FB9D9}.Release|Any CPU.Build.0 = Release|Any CPU
		{83199375-CADD-4457-9BFD-19BF92136BAE}.Debug|Any CPU.ActiveCfg = Debug|Any CPU
		{83199375-CADD-4457-9BFD-19BF92136BAE}.Debug|Any CPU.Build.0 = Debug|Any CPU
		{83199375-CADD-4457-9BFD-19BF92136BAE}.Release|Any CPU.ActiveCfg = Release|Any CPU
		{83199375-CADD-4457-9BFD-19BF92136BAE}.Release|Any CPU.Build.0 = Release|Any CPU
		{0305B7EF-3704-4E6C-83FD-98DDA1519EF6}.Debug|Any CPU.ActiveCfg = Debug|Any CPU
		{0305B7EF-3704-4E6C-83FD-98DDA1519EF6}.Debug|Any CPU.Build.0 = Debug|Any CPU
		{0305B7EF-3704-4E6C-83FD-98DDA1519EF6}.Release|Any CPU.ActiveCfg = Release|Any CPU
		{0305B7EF-3704-4E6C-83FD-98DDA1519EF6}.Release|Any CPU.Build.0 = Release|Any CPU
		{661F6258-74E0-436F-BC7D-8F2791C28311}.Debug|Any CPU.ActiveCfg = Debug|Any CPU
		{661F6258-74E0-436F-BC7D-8F2791C28311}.Debug|Any CPU.Build.0 = Debug|Any CPU
		{661F6258-74E0-436F-BC7D-8F2791C28311}.Release|Any CPU.ActiveCfg = Release|Any CPU
		{661F6258-74E0-436F-BC7D-8F2791C28311}.Release|Any CPU.Build.0 = Release|Any CPU
	EndGlobalSection
	GlobalSection(SolutionProperties) = preSolution
		HideSolutionNode = FALSE
	EndGlobalSection
	GlobalSection(NestedProjects) = preSolution
		{0305B7EF-3704-4E6C-83FD-98DDA1519EF6} = {C80F3B50-E626-4C3A-BB24-73521EB6113B}
		{661F6258-74E0-436F-BC7D-8F2791C28311} = {C80F3B50-E626-4C3A-BB24-73521EB6113B}
	EndGlobalSection
	GlobalSection(ExtensibilityGlobals) = postSolution
		SolutionGuid = {FA7BDFB5-D1FA-428A-AF94-5F0A4EEF2B51}
	EndGlobalSection
EndGlobal
